// !$*UTF8*$!
{
	archiveVersion = 1;
	classes = {
	};
	objectVersion = 46;
	objects = {

/* Begin PBXBuildFile section */
		A303DE5E1EE0ADA4009D7F6E /* main.m in Sources */ = {isa = PBXBuildFile; fileRef = A303DE5D1EE0ADA4009D7F6E /* main.m */; };
		A303DE611EE0ADA4009D7F6E /* AppDelegate.m in Sources */ = {isa = PBXBuildFile; fileRef = A303DE601EE0ADA4009D7F6E /* AppDelegate.m */; };
		A303DE641EE0ADA4009D7F6E /* ViewController.m in Sources */ = {isa = PBXBuildFile; fileRef = A303DE631EE0ADA4009D7F6E /* ViewController.m */; };
		A303DE671EE0ADA4009D7F6E /* Main.storyboard in Resources */ = {isa = PBXBuildFile; fileRef = A303DE651EE0ADA4009D7F6E /* Main.storyboard */; };
		A303DE691EE0ADA4009D7F6E /* Assets.xcassets in Resources */ = {isa = PBXBuildFile; fileRef = A303DE681EE0ADA4009D7F6E /* Assets.xcassets */; };
		A303DE6C1EE0ADA4009D7F6E /* LaunchScreen.storyboard in Resources */ = {isa = PBXBuildFile; fileRef = A303DE6A1EE0ADA4009D7F6E /* LaunchScreen.storyboard */; };
		A303DE751EE19FD9009D7F6E /* ContactsManager.m in Sources */ = {isa = PBXBuildFile; fileRef = A303DE741EE19FD9009D7F6E /* ContactsManager.m */; };
		A303DE961EE1F38C009D7F6E /* JERContactViewController.m in Sources */ = {isa = PBXBuildFile; fileRef = A303DE931EE1F38A009D7F6E /* JERContactViewController.m */; };
		A303DE971EE1F38C009D7F6E /* JERNavigationItem.m in Sources */ = {isa = PBXBuildFile; fileRef = A303DE951EE1F38A009D7F6E /* JERNavigationItem.m */; };
/* End PBXBuildFile section */

/* Begin PBXFileReference section */
		A303DE591EE0ADA4009D7F6E /* ContactPresentationBug.app */ = {isa = PBXFileReference; explicitFileType = wrapper.application; includeInIndex = 0; path = ContactPresentationBug.app; sourceTree = BUILT_PRODUCTS_DIR; };
		A303DE5D1EE0ADA4009D7F6E /* main.m */ = {isa = PBXFileReference; lastKnownFileType = sourcecode.c.objc; path = main.m; sourceTree = "<group>"; };
		A303DE5F1EE0ADA4009D7F6E /* AppDelegate.h */ = {isa = PBXFileReference; lastKnownFileType = sourcecode.c.h; path = AppDelegate.h; sourceTree = "<group>"; };
		A303DE601EE0ADA4009D7F6E /* AppDelegate.m */ = {isa = PBXFileReference; lastKnownFileType = sourcecode.c.objc; path = AppDelegate.m; sourceTree = "<group>"; };
		A303DE621EE0ADA4009D7F6E /* ViewController.h */ = {isa = PBXFileReference; lastKnownFileType = sourcecode.c.h; path = ViewController.h; sourceTree = "<group>"; };
		A303DE631EE0ADA4009D7F6E /* ViewController.m */ = {isa = PBXFileReference; lastKnownFileType = sourcecode.c.objc; path = ViewController.m; sourceTree = "<group>"; };
		A303DE661EE0ADA4009D7F6E /* Base */ = {isa = PBXFileReference; lastKnownFileType = file.storyboard; name = Base; path = Base.lproj/Main.storyboard; sourceTree = "<group>"; };
		A303DE681EE0ADA4009D7F6E /* Assets.xcassets */ = {isa = PBXFileReference; lastKnownFileType = folder.assetcatalog; path = Assets.xcassets; sourceTree = "<group>"; };
		A303DE6B1EE0ADA4009D7F6E /* Base */ = {isa = PBXFileReference; lastKnownFileType = file.storyboard; name = Base; path = Base.lproj/LaunchScreen.storyboard; sourceTree = "<group>"; };
		A303DE6D1EE0ADA4009D7F6E /* Info.plist */ = {isa = PBXFileReference; lastKnownFileType = text.plist.xml; path = Info.plist; sourceTree = "<group>"; };
		A303DE731EE19FD9009D7F6E /* ContactsManager.h */ = {isa = PBXFileReference; fileEncoding = 4; lastKnownFileType = sourcecode.c.h; path = ContactsManager.h; sourceTree = "<group>"; };
		A303DE741EE19FD9009D7F6E /* ContactsManager.m */ = {isa = PBXFileReference; fileEncoding = 4; lastKnownFileType = sourcecode.c.objc; path = ContactsManager.m; sourceTree = "<group>"; };
		A303DE921EE1F389009D7F6E /* JERContactViewController.h */ = {isa = PBXFileReference; fileEncoding = 4; lastKnownFileType = sourcecode.c.h; path = JERContactViewController.h; sourceTree = "<group>"; };
		A303DE931EE1F38A009D7F6E /* JERContactViewController.m */ = {isa = PBXFileReference; fileEncoding = 4; lastKnownFileType = sourcecode.c.objc; path = JERContactViewController.m; sourceTree = "<group>"; };
		A303DE941EE1F38A009D7F6E /* JERNavigationItem.h */ = {isa = PBXFileReference; fileEncoding = 4; lastKnownFileType = sourcecode.c.h; path = JERNavigationItem.h; sourceTree = "<group>"; };
		A303DE951EE1F38A009D7F6E /* JERNavigationItem.m */ = {isa = PBXFileReference; fileEncoding = 4; lastKnownFileType = sourcecode.c.objc; path = JERNavigationItem.m; sourceTree = "<group>"; };
/* End PBXFileReference section */

/* Begin PBXFrameworksBuildPhase section */
		A303DE561EE0ADA4009D7F6E /* Frameworks */ = {
			isa = PBXFrameworksBuildPhase;
			buildActionMask = 2147483647;
			files = (
			);
			runOnlyForDeploymentPostprocessing = 0;
		};
/* End PBXFrameworksBuildPhase section */

/* Begin PBXGroup section */
		A303DE501EE0ADA4009D7F6E = {
			isa = PBXGroup;
			children = (
				A303DE5B1EE0ADA4009D7F6E /* ContactPresentationBug */,
				A303DE5A1EE0ADA4009D7F6E /* Products */,
			);
			sourceTree = "<group>";
		};
		A303DE5A1EE0ADA4009D7F6E /* Products */ = {
			isa = PBXGroup;
			children = (
				A303DE591EE0ADA4009D7F6E /* ContactPresentationBug.app */,
			);
			name = Products;
			sourceTree = "<group>";
		};
		A303DE5B1EE0ADA4009D7F6E /* ContactPresentationBug */ = {
			isa = PBXGroup;
			children = (
				A303DE5F1EE0ADA4009D7F6E /* AppDelegate.h */,
				A303DE601EE0ADA4009D7F6E /* AppDelegate.m */,
				A303DE621EE0ADA4009D7F6E /* ViewController.h */,
				A303DE631EE0ADA4009D7F6E /* ViewController.m */,
				A303DE651EE0ADA4009D7F6E /* Main.storyboard */,
				A303DE681EE0ADA4009D7F6E /* Assets.xcassets */,
				A303DE6A1EE0ADA4009D7F6E /* LaunchScreen.storyboard */,
				A303DE6D1EE0ADA4009D7F6E /* Info.plist */,
				A303DE5C1EE0ADA4009D7F6E /* Supporting Files */,
				A303DE731EE19FD9009D7F6E /* ContactsManager.h */,
				A303DE741EE19FD9009D7F6E /* ContactsManager.m */,
				A303DE921EE1F389009D7F6E /* JERContactViewController.h */,
				A303DE931EE1F38A009D7F6E /* JERContactViewController.m */,
				A303DE941EE1F38A009D7F6E /* JERNavigationItem.h */,
				A303DE951EE1F38A009D7F6E /* JERNavigationItem.m */,
			);
			path = ContactPresentationBug;
			sourceTree = "<group>";
		};
		A303DE5C1EE0ADA4009D7F6E /* Supporting Files */ = {
			isa = PBXGroup;
			children = (
				A303DE5D1EE0ADA4009D7F6E /* main.m */,
			);
			name = "Supporting Files";
			sourceTree = "<group>";
		};
/* End PBXGroup section */

/* Begin PBXNativeTarget section */
		A303DE581EE0ADA4009D7F6E /* ContactPresentationBug */ = {
			isa = PBXNativeTarget;
			buildConfigurationList = A303DE701EE0ADA4009D7F6E /* Build configuration list for PBXNativeTarget "ContactPresentationBug" */;
			buildPhases = (
				A303DE551EE0ADA4009D7F6E /* Sources */,
				A303DE561EE0ADA4009D7F6E /* Frameworks */,
				A303DE571EE0ADA4009D7F6E /* Resources */,
			);
			buildRules = (
			);
			dependencies = (
			);
			name = ContactPresentationBug;
			productName = ContactPresentationBug;
			productReference = A303DE591EE0ADA4009D7F6E /* ContactPresentationBug.app */;
			productType = "com.apple.product-type.application";
		};
/* End PBXNativeTarget section */

/* Begin PBXProject section */
		A303DE511EE0ADA4009D7F6E /* Project object */ = {
			isa = PBXProject;
			attributes = {
				LastUpgradeCheck = 0830;
				ORGANIZATIONNAME = TRGR;
				TargetAttributes = {
					A303DE581EE0ADA4009D7F6E = {
						CreatedOnToolsVersion = 8.3.2;
						DevelopmentTeam = K585RK8PW7;
						ProvisioningStyle = Automatic;
					};
				};
			};
			buildConfigurationList = A303DE541EE0ADA4009D7F6E /* Build configuration list for PBXProject "ContactPresentationBug" */;
			compatibilityVersion = "Xcode 3.2";
			developmentRegion = English;
			hasScannedForEncodings = 0;
			knownRegions = (
				en,
				Base,
			);
			mainGroup = A303DE501EE0ADA4009D7F6E;
			productRefGroup = A303DE5A1EE0ADA4009D7F6E /* Products */;
			projectDirPath = "";
			projectRoot = "";
			targets = (
				A303DE581EE0ADA4009D7F6E /* ContactPresentationBug */,
			);
		};
/* End PBXProject section */

/* Begin PBXResourcesBuildPhase section */
		A303DE571EE0ADA4009D7F6E /* Resources */ = {
			isa = PBXResourcesBuildPhase;
			buildActionMask = 2147483647;
			files = (
				A303DE6C1EE0ADA4009D7F6E /* LaunchScreen.storyboard in Resources */,
				A303DE691EE0ADA4009D7F6E /* Assets.xcassets in Resources */,
				A303DE671EE0ADA4009D7F6E /* Main.storyboard in Resources */,
			);
			runOnlyForDeploymentPostprocessing = 0;
		};
/* End PBXResourcesBuildPhase section */

/* Begin PBXSourcesBuildPhase section */
		A303DE551EE0ADA4009D7F6E /* Sources */ = {
			isa = PBXSourcesBuildPhase;
			buildActionMask = 2147483647;
			files = (
				A303DE641EE0ADA4009D7F6E /* ViewController.m in Sources */,
				A303DE611EE0ADA4009D7F6E /* AppDelegate.m in Sources */,
				A303DE751EE19FD9009D7F6E /* ContactsManager.m in Sources */,
				A303DE961EE1F38C009D7F6E /* JERContactViewController.m in Sources */,
				A303DE971EE1F38C009D7F6E /* JERNavigationItem.m in Sources */,
				A303DE5E1EE0ADA4009D7F6E /* main.m in Sources */,
			);
			runOnlyForDeploymentPostprocessing = 0;
		};
/* End PBXSourcesBuildPhase section */

/* Begin PBXVariantGroup section */
		A303DE651EE0ADA4009D7F6E /* Main.storyboard */ = {
			isa = PBXVariantGroup;
			children = (
				A303DE661EE0ADA4009D7F6E /* Base */,
			);
			name = Main.storyboard;
			sourceTree = "<group>";
		};
		A303DE6A1EE0ADA4009D7F6E /* LaunchScreen.storyboard */ = {
			isa = PBXVariantGroup;
			children = (
				A303DE6B1EE0ADA4009D7F6E /* Base */,
			);
			name = LaunchScreen.storyboard;
			sourceTree = "<group>";
		};
/* End PBXVariantGroup section */

/* Begin XCBuildConfiguration section */
		A303DE6E1EE0ADA4009D7F6E /* Debug */ = {
			isa = XCBuildConfiguration;
			buildSettings = {
				ALWAYS_SEARCH_USER_PATHS = NO;
				CLANG_ANALYZER_NONNULL = YES;
				CLANG_ANALYZER_NUMBER_OBJECT_CONVERSION = YES_AGGRESSIVE;
				CLANG_CXX_LANGUAGE_STANDARD = "gnu++0x";
				CLANG_CXX_LIBRARY = "libc++";
				CLANG_ENABLE_MODULES = YES;
				CLANG_ENABLE_OBJC_ARC = YES;
				CLANG_WARN_BOOL_CONVERSION = YES;
				CLANG_WARN_CONSTANT_CONVERSION = YES;
				CLANG_WARN_DIRECT_OBJC_ISA_USAGE = YES_ERROR;
				CLANG_WARN_DOCUMENTATION_COMMENTS = YES;
				CLANG_WARN_EMPTY_BODY = YES;
				CLANG_WARN_ENUM_CONVERSION = YES;
				CLANG_WARN_INFINITE_RECURSION = YES;
				CLANG_WARN_INT_CONVERSION = YES;
				CLANG_WARN_OBJC_ROOT_CLASS = YES_ERROR;
				CLANG_WARN_SUSPICIOUS_MOVE = YES;
				CLANG_WARN_UNREACHABLE_CODE = YES;
				CLANG_WARN__DUPLICATE_METHOD_MATCH = YES;
				"CODE_SIGN_IDENTITY[sdk=iphoneos*]" = "iPhone Developer";
				COPY_PHASE_STRIP = NO;
				DEBUG_INFORMATION_FORMAT = dwarf;
				ENABLE_STRICT_OBJC_MSGSEND = YES;
				ENABLE_TESTABILITY = YES;
				GCC_C_LANGUAGE_STANDARD = gnu99;
				GCC_DYNAMIC_NO_PIC = NO;
				GCC_NO_COMMON_BLOCKS = YES;
				GCC_OPTIMIZATION_LEVEL = 0;
				GCC_PREPROCESSOR_DEFINITIONS = (
					"DEBUG=1",
					"$(inherited)",
				);
				GCC_WARN_64_TO_32_BIT_CONVERSION = YES;
				GCC_WARN_ABOUT_RETURN_TYPE = YES_ERROR;
				GCC_WARN_UNDECLARED_SELECTOR = YES;
				GCC_WARN_UNINITIALIZED_AUTOS = YES_AGGRESSIVE;
				GCC_WARN_UNUSED_FUNCTION = YES;
				GCC_WARN_UNUSED_VARIABLE = YES;
				IPHONEOS_DEPLOYMENT_TARGET = 10.3;
				MTL_ENABLE_DEBUG_INFO = YES;
				ONLY_ACTIVE_ARCH = YES;
				SDKROOT = iphoneos;
				TARGETED_DEVICE_FAMILY = "1,2";
			};
			name = Debug;
		};
		A303DE6F1EE0ADA4009D7F6E /* Release */ = {
			isa = XCBuildConfiguration;
			buildSettings = {
				ALWAYS_SEARCH_USER_PATHS = NO;
				CLANG_ANALYZER_NONNULL = YES;
				CLANG_ANALYZER_NUMBER_OBJECT_CONVERSION = YES_AGGRESSIVE;
				CLANG_CXX_LANGUAGE_STANDARD = "gnu++0x";
				CLANG_CXX_LIBRARY = "libc++";
				CLANG_ENABLE_MODULES = YES;
				CLANG_ENABLE_OBJC_ARC = YES;
				CLANG_WARN_BOOL_CONVERSION = YES;
				CLANG_WARN_CONSTANT_CONVERSION = YES;
				CLANG_WARN_DIRECT_OBJC_ISA_USAGE = YES_ERROR;
				CLANG_WARN_DOCUMENTATION_COMMENTS = YES;
				CLANG_WARN_EMPTY_BODY = YES;
				CLANG_WARN_ENUM_CONVERSION = YES;
				CLANG_WARN_INFINITE_RECURSION = YES;
				CLANG_WARN_INT_CONVERSION = YES;
				CLANG_WARN_OBJC_ROOT_CLASS = YES_ERROR;
				CLANG_WARN_SUSPICIOUS_MOVE = YES;
				CLANG_WARN_UNREACHABLE_CODE = YES;
				CLANG_WARN__DUPLICATE_METHOD_MATCH = YES;
				"CODE_SIGN_IDENTITY[sdk=iphoneos*]" = "iPhone Developer";
				COPY_PHASE_STRIP = NO;
				DEBUG_INFORMATION_FORMAT = "dwarf-with-dsym";
				ENABLE_NS_ASSERTIONS = NO;
				ENABLE_STRICT_OBJC_MSGSEND = YES;
				GCC_C_LANGUAGE_STANDARD = gnu99;
				GCC_NO_COMMON_BLOCKS = YES;
				GCC_WARN_64_TO_32_BIT_CONVERSION = YES;
				GCC_WARN_ABOUT_RETURN_TYPE = YES_ERROR;
				GCC_WARN_UNDECLARED_SELECTOR = YES;
				GCC_WARN_UNINITIALIZED_AUTOS = YES_AGGRESSIVE;
				GCC_WARN_UNUSED_FUNCTION = YES;
				GCC_WARN_UNUSED_VARIABLE = YES;
				IPHONEOS_DEPLOYMENT_TARGET = 10.3;
				MTL_ENABLE_DEBUG_INFO = NO;
				SDKROOT = iphoneos;
				TARGETED_DEVICE_FAMILY = "1,2";
				VALIDATE_PRODUCT = YES;
			};
			name = Release;
		};
		A303DE711EE0ADA4009D7F6E /* Debug */ = {
			isa = XCBuildConfiguration;
			buildSettings = {
				ASSETCATALOG_COMPILER_APPICON_NAME = AppIcon;
				DEVELOPMENT_TEAM = K585RK8PW7;
				INFOPLIST_FILE = ContactPresentationBug/Info.plist;
				IPHONEOS_DEPLOYMENT_TARGET = 10.0;
				LD_RUNPATH_SEARCH_PATHS = "$(inherited) @executable_path/Frameworks";
				PRODUCT_BUNDLE_IDENTIFIER = com.trgr.test.ContactPresentationBug;
				PRODUCT_NAME = "$(TARGET_NAME)";
			};
			name = Debug;
		};
		A303DE721EE0ADA4009D7F6E /* Release */ = {
			isa = XCBuildConfiguration;
			buildSettings = {
				ASSETCATALOG_COMPILER_APPICON_NAME = AppIcon;
				DEVELOPMENT_TEAM = K585RK8PW7;
				INFOPLIST_FILE = ContactPresentationBug/Info.plist;
				IPHONEOS_DEPLOYMENT_TARGET = 10.0;
				LD_RUNPATH_SEARCH_PATHS = "$(inherited) @executable_path/Frameworks";
				PRODUCT_BUNDLE_IDENTIFIER = com.trgr.test.ContactPresentationBug;
				PRODUCT_NAME = "$(TARGET_NAME)";
			};
			name = Release;
		};
/* End XCBuildConfiguration section */

/* Begin XCConfigurationList section */
		A303DE541EE0ADA4009D7F6E /* Build configuration list for PBXProject "ContactPresentationBug" */ = {
			isa = XCConfigurationList;
			buildConfigurations = (
				A303DE6E1EE0ADA4009D7F6E /* Debug */,
				A303DE6F1EE0ADA4009D7F6E /* Release */,
			);
			defaultConfigurationIsVisible = 0;
			defaultConfigurationName = Release;
		};
		A303DE701EE0ADA4009D7F6E /* Build configuration list for PBXNativeTarget "ContactPresentationBug" */ = {
			isa = XCConfigurationList;
			buildConfigurations = (
				A303DE711EE0ADA4009D7F6E /* Debug */,
				A303DE721EE0ADA4009D7F6E /* Release */,
			);
			defaultConfigurationIsVisible = 0;
		};
/* End XCConfigurationList section */
	};
	rootObject = A303DE511EE0ADA4009D7F6E /* Project object */;
}
